// !$*UTF8*$!
{
	archiveVersion = 1;
	classes = {
	};
	objectVersion = 46;
	objects = {

/* Begin PBXBuildFile section */
		6B8367A41DB9BFF500354362 /* BaseCell.m in Sources */ = {isa = PBXBuildFile; fileRef = 6B8367A31DB9BFF500354362 /* BaseCell.m */; };
		A08E2F4C1DB47574002AC0C0 /* main.m in Sources */ = {isa = PBXBuildFile; fileRef = A08E2F4B1DB47574002AC0C0 /* main.m */; };
		A08E2F4F1DB47574002AC0C0 /* AppDelegate.m in Sources */ = {isa = PBXBuildFile; fileRef = A08E2F4E1DB47574002AC0C0 /* AppDelegate.m */; };
		A08E2F521DB47574002AC0C0 /* ViewController.m in Sources */ = {isa = PBXBuildFile; fileRef = A08E2F511DB47574002AC0C0 /* ViewController.m */; };
		A08E2F551DB47574002AC0C0 /* Main.storyboard in Resources */ = {isa = PBXBuildFile; fileRef = A08E2F531DB47574002AC0C0 /* Main.storyboard */; };
		A08E2F571DB47574002AC0C0 /* Assets.xcassets in Resources */ = {isa = PBXBuildFile; fileRef = A08E2F561DB47574002AC0C0 /* Assets.xcassets */; };
		A08E2F5A1DB47575002AC0C0 /* LaunchScreen.storyboard in Resources */ = {isa = PBXBuildFile; fileRef = A08E2F581DB47574002AC0C0 /* LaunchScreen.storyboard */; };
		A08E2F641DB479C3002AC0C0 /* TextCell.m in Sources */ = {isa = PBXBuildFile; fileRef = A08E2F631DB479C3002AC0C0 /* TextCell.m */; };
		A08E2F671DB479CF002AC0C0 /* ImageCell.m in Sources */ = {isa = PBXBuildFile; fileRef = A08E2F661DB479CF002AC0C0 /* ImageCell.m */; };
		A08E2F6A1DB47C05002AC0C0 /* TextImageCell.m in Sources */ = {isa = PBXBuildFile; fileRef = A08E2F691DB47C05002AC0C0 /* TextImageCell.m */; };
		A08E2F6C1DB47D9C002AC0C0 /* 10112726.jpeg in Resources */ = {isa = PBXBuildFile; fileRef = A08E2F6B1DB47D9C002AC0C0 /* 10112726.jpeg */; };
		A08E2F6F1DB49D0F002AC0C0 /* Person.m in Sources */ = {isa = PBXBuildFile; fileRef = A08E2F6E1DB49D0F002AC0C0 /* Person.m */; };
		A08E2F741DB4A0F1002AC0C0 /* 11918635.png in Resources */ = {isa = PBXBuildFile; fileRef = A08E2F731DB4A0F1002AC0C0 /* 11918635.png */; };
/* End PBXBuildFile section */

/* Begin PBXFileReference section */
		6B8367A21DB9BFF500354362 /* BaseCell.h */ = {isa = PBXFileReference; fileEncoding = 4; lastKnownFileType = sourcecode.c.h; path = BaseCell.h; sourceTree = "<group>"; };
		6B8367A31DB9BFF500354362 /* BaseCell.m */ = {isa = PBXFileReference; fileEncoding = 4; lastKnownFileType = sourcecode.c.objc; path = BaseCell.m; sourceTree = "<group>"; };
		A08E2F471DB47574002AC0C0 /* MutipleCells.app */ = {isa = PBXFileReference; explicitFileType = wrapper.application; includeInIndex = 0; path = MutipleCells.app; sourceTree = BUILT_PRODUCTS_DIR; };
		A08E2F4B1DB47574002AC0C0 /* main.m */ = {isa = PBXFileReference; lastKnownFileType = sourcecode.c.objc; path = main.m; sourceTree = "<group>"; };
		A08E2F4D1DB47574002AC0C0 /* AppDelegate.h */ = {isa = PBXFileReference; lastKnownFileType = sourcecode.c.h; path = AppDelegate.h; sourceTree = "<group>"; };
		A08E2F4E1DB47574002AC0C0 /* AppDelegate.m */ = {isa = PBXFileReference; lastKnownFileType = sourcecode.c.objc; path = AppDelegate.m; sourceTree = "<group>"; };
		A08E2F501DB47574002AC0C0 /* ViewController.h */ = {isa = PBXFileReference; lastKnownFileType = sourcecode.c.h; path = ViewController.h; sourceTree = "<group>"; };
		A08E2F511DB47574002AC0C0 /* ViewController.m */ = {isa = PBXFileReference; lastKnownFileType = sourcecode.c.objc; path = ViewController.m; sourceTree = "<group>"; };
		A08E2F541DB47574002AC0C0 /* Base */ = {isa = PBXFileReference; lastKnownFileType = file.storyboard; name = Base; path = Base.lproj/Main.storyboard; sourceTree = "<group>"; };
		A08E2F561DB47574002AC0C0 /* Assets.xcassets */ = {isa = PBXFileReference; lastKnownFileType = folder.assetcatalog; path = Assets.xcassets; sourceTree = "<group>"; };
		A08E2F591DB47574002AC0C0 /* Base */ = {isa = PBXFileReference; lastKnownFileType = file.storyboard; name = Base; path = Base.lproj/LaunchScreen.storyboard; sourceTree = "<group>"; };
		A08E2F5B1DB47575002AC0C0 /* Info.plist */ = {isa = PBXFileReference; lastKnownFileType = text.plist.xml; path = Info.plist; sourceTree = "<group>"; };
		A08E2F621DB479C3002AC0C0 /* TextCell.h */ = {isa = PBXFileReference; fileEncoding = 4; lastKnownFileType = sourcecode.c.h; path = TextCell.h; sourceTree = "<group>"; };
		A08E2F631DB479C3002AC0C0 /* TextCell.m */ = {isa = PBXFileReference; fileEncoding = 4; lastKnownFileType = sourcecode.c.objc; path = TextCell.m; sourceTree = "<group>"; };
		A08E2F651DB479CF002AC0C0 /* ImageCell.h */ = {isa = PBXFileReference; fileEncoding = 4; lastKnownFileType = sourcecode.c.h; path = ImageCell.h; sourceTree = "<group>"; };
		A08E2F661DB479CF002AC0C0 /* ImageCell.m */ = {isa = PBXFileReference; fileEncoding = 4; lastKnownFileType = sourcecode.c.objc; path = ImageCell.m; sourceTree = "<group>"; };
		A08E2F681DB47C05002AC0C0 /* TextImageCell.h */ = {isa = PBXFileReference; fileEncoding = 4; lastKnownFileType = sourcecode.c.h; path = TextImageCell.h; sourceTree = "<group>"; };
		A08E2F691DB47C05002AC0C0 /* TextImageCell.m */ = {isa = PBXFileReference; fileEncoding = 4; lastKnownFileType = sourcecode.c.objc; path = TextImageCell.m; sourceTree = "<group>"; };
		A08E2F6B1DB47D9C002AC0C0 /* 10112726.jpeg */ = {isa = PBXFileReference; lastKnownFileType = image.jpeg; path = 10112726.jpeg; sourceTree = "<group>"; };
		A08E2F6D1DB49D0F002AC0C0 /* Person.h */ = {isa = PBXFileReference; fileEncoding = 4; lastKnownFileType = sourcecode.c.h; path = Person.h; sourceTree = "<group>"; };
		A08E2F6E1DB49D0F002AC0C0 /* Person.m */ = {isa = PBXFileReference; fileEncoding = 4; lastKnownFileType = sourcecode.c.objc; path = Person.m; sourceTree = "<group>"; };
		A08E2F731DB4A0F1002AC0C0 /* 11918635.png */ = {isa = PBXFileReference; lastKnownFileType = image.png; path = 11918635.png; sourceTree = "<group>"; };
/* End PBXFileReference section */

/* Begin PBXFrameworksBuildPhase section */
		A08E2F441DB47574002AC0C0 /* Frameworks */ = {
			isa = PBXFrameworksBuildPhase;
			buildActionMask = 2147483647;
			files = (
			);
			runOnlyForDeploymentPostprocessing = 0;
		};
/* End PBXFrameworksBuildPhase section */

/* Begin PBXGroup section */
		A08E2F3E1DB47574002AC0C0 = {
			isa = PBXGroup;
			children = (
				A08E2F491DB47574002AC0C0 /* MutipleCells */,
				A08E2F481DB47574002AC0C0 /* Products */,
			);
			sourceTree = "<group>";
		};
		A08E2F481DB47574002AC0C0 /* Products */ = {
			isa = PBXGroup;
			children = (
				A08E2F471DB47574002AC0C0 /* MutipleCells.app */,
			);
			name = Products;
			sourceTree = "<group>";
		};
		A08E2F491DB47574002AC0C0 /* MutipleCells */ = {
			isa = PBXGroup;
			children = (
				A08E2F611DB479AB002AC0C0 /* Cell */,
				A08E2F4D1DB47574002AC0C0 /* AppDelegate.h */,
				A08E2F4E1DB47574002AC0C0 /* AppDelegate.m */,
				A08E2F501DB47574002AC0C0 /* ViewController.h */,
				A08E2F511DB47574002AC0C0 /* ViewController.m */,
				A08E2F6D1DB49D0F002AC0C0 /* Person.h */,
				A08E2F6E1DB49D0F002AC0C0 /* Person.m */,
				A08E2F531DB47574002AC0C0 /* Main.storyboard */,
				A08E2F561DB47574002AC0C0 /* Assets.xcassets */,
				A08E2F581DB47574002AC0C0 /* LaunchScreen.storyboard */,
				A08E2F5B1DB47575002AC0C0 /* Info.plist */,
				A08E2F4A1DB47574002AC0C0 /* Supporting Files */,
			);
			path = MutipleCells;
			sourceTree = "<group>";
		};
		A08E2F4A1DB47574002AC0C0 /* Supporting Files */ = {
			isa = PBXGroup;
			children = (
				A08E2F731DB4A0F1002AC0C0 /* 11918635.png */,
				A08E2F6B1DB47D9C002AC0C0 /* 10112726.jpeg */,
				A08E2F4B1DB47574002AC0C0 /* main.m */,
			);
			name = "Supporting Files";
			sourceTree = "<group>";
		};
		A08E2F611DB479AB002AC0C0 /* Cell */ = {
			isa = PBXGroup;
			children = (
				6B8367A21DB9BFF500354362 /* BaseCell.h */,
				6B8367A31DB9BFF500354362 /* BaseCell.m */,
				A08E2F621DB479C3002AC0C0 /* TextCell.h */,
				A08E2F631DB479C3002AC0C0 /* TextCell.m */,
				A08E2F651DB479CF002AC0C0 /* ImageCell.h */,
				A08E2F661DB479CF002AC0C0 /* ImageCell.m */,
				A08E2F681DB47C05002AC0C0 /* TextImageCell.h */,
				A08E2F691DB47C05002AC0C0 /* TextImageCell.m */,
			);
			name = Cell;
			sourceTree = "<group>";
		};
/* End PBXGroup section */

/* Begin PBXNativeTarget section */
		A08E2F461DB47574002AC0C0 /* MutipleCells */ = {
			isa = PBXNativeTarget;
			buildConfigurationList = A08E2F5E1DB47575002AC0C0 /* Build configuration list for PBXNativeTarget "MutipleCells" */;
			buildPhases = (
				A08E2F431DB47574002AC0C0 /* Sources */,
				A08E2F441DB47574002AC0C0 /* Frameworks */,
				A08E2F451DB47574002AC0C0 /* Resources */,
			);
			buildRules = (
			);
			dependencies = (
			);
			name = MutipleCells;
			productName = MutipleCells;
			productReference = A08E2F471DB47574002AC0C0 /* MutipleCells.app */;
			productType = "com.apple.product-type.application";
		};
/* End PBXNativeTarget section */

/* Begin PBXProject section */
		A08E2F3F1DB47574002AC0C0 /* Project object */ = {
			isa = PBXProject;
			attributes = {
				LastUpgradeCheck = 0730;
				ORGANIZATIONNAME = la0fu;
				TargetAttributes = {
					A08E2F461DB47574002AC0C0 = {
						CreatedOnToolsVersion = 7.3;
					};
				};
			};
			buildConfigurationList = A08E2F421DB47574002AC0C0 /* Build configuration list for PBXProject "MutipleCells" */;
			compatibilityVersion = "Xcode 3.2";
			developmentRegion = English;
			hasScannedForEncodings = 0;
			knownRegions = (
				en,
				Base,
			);
			mainGroup = A08E2F3E1DB47574002AC0C0;
			productRefGroup = A08E2F481DB47574002AC0C0 /* Products */;
			projectDirPath = "";
			projectRoot = "";
			targets = (
				A08E2F461DB47574002AC0C0 /* MutipleCells */,
			);
		};
/* End PBXProject section */

/* Begin PBXResourcesBuildPhase section */
		A08E2F451DB47574002AC0C0 /* Resources */ = {
			isa = PBXResourcesBuildPhase;
			buildActionMask = 2147483647;
			files = (
				A08E2F5A1DB47575002AC0C0 /* LaunchScreen.storyboard in Resources */,
				A08E2F741DB4A0F1002AC0C0 /* 11918635.png in Resources */,
				A08E2F6C1DB47D9C002AC0C0 /* 10112726.jpeg in Resources */,
				A08E2F571DB47574002AC0C0 /* Assets.xcassets in Resources */,
				A08E2F551DB47574002AC0C0 /* Main.storyboard in Resources */,
			);
			runOnlyForDeploymentPostprocessing = 0;
		};
/* End PBXResourcesBuildPhase section */

/* Begin PBXSourcesBuildPhase section */
		A08E2F431DB47574002AC0C0 /* Sources */ = {
			isa = PBXSourcesBuildPhase;
			buildActionMask = 2147483647;
			files = (
				A08E2F521DB47574002AC0C0 /* ViewController.m in Sources */,
				A08E2F671DB479CF002AC0C0 /* ImageCell.m in Sources */,
				A08E2F6F1DB49D0F002AC0C0 /* Person.m in Sources */,
				A08E2F4F1DB47574002AC0C0 /* AppDelegate.m in Sources */,
				A08E2F641DB479C3002AC0C0 /* TextCell.m in Sources */,
				6B8367A41DB9BFF500354362 /* BaseCell.m in Sources */,
				A08E2F6A1DB47C05002AC0C0 /* TextImageCell.m in Sources */,
				A08E2F4C1DB47574002AC0C0 /* main.m in Sources */,
			);
			runOnlyForDeploymentPostprocessing = 0;
		};
/* End PBXSourcesBuildPhase section */

/* Begin PBXVariantGroup section */
		A08E2F531DB47574002AC0C0 /* Main.storyboard */ = {
			isa = PBXVariantGroup;
			children = (
				A08E2F541DB47574002AC0C0 /* Base */,
			);
			name = Main.storyboard;
			sourceTree = "<group>";
		};
		A08E2F581DB47574002AC0C0 /* LaunchScreen.storyboard */ = {
			isa = PBXVariantGroup;
			children = (
				A08E2F591DB47574002AC0C0 /* Base */,
			);
			name = LaunchScreen.storyboard;
			sourceTree = "<group>";
		};
/* End PBXVariantGroup section */

/* Begin XCBuildConfiguration section */
		A08E2F5C1DB47575002AC0C0 /* Debug */ = {
			isa = XCBuildConfiguration;
			buildSettings = {
				ALWAYS_SEARCH_USER_PATHS = NO;
				CLANG_ANALYZER_NONNULL = YES;
				CLANG_CXX_LANGUAGE_STANDARD = "gnu++0x";
				CLANG_CXX_LIBRARY = "libc++";
				CLANG_ENABLE_MODULES = YES;
				CLANG_ENABLE_OBJC_ARC = YES;
				CLANG_WARN_BOOL_CONVERSION = YES;
				CLANG_WARN_CONSTANT_CONVERSION = YES;
				CLANG_WARN_DIRECT_OBJC_ISA_USAGE = YES_ERROR;
				CLANG_WARN_EMPTY_BODY = YES;
				CLANG_WARN_ENUM_CONVERSION = YES;
				CLANG_WARN_INT_CONVERSION = YES;
				CLANG_WARN_OBJC_ROOT_CLASS = YES_ERROR;
				CLANG_WARN_UNREACHABLE_CODE = YES;
				CLANG_WARN__DUPLICATE_METHOD_MATCH = YES;
				"CODE_SIGN_IDENTITY[sdk=iphoneos*]" = "iPhone Developer";
				COPY_PHASE_STRIP = NO;
				DEBUG_INFORMATION_FORMAT = dwarf;
				ENABLE_STRICT_OBJC_MSGSEND = YES;
				ENABLE_TESTABILITY = YES;
				GCC_C_LANGUAGE_STANDARD = gnu99;
				GCC_DYNAMIC_NO_PIC = NO;
				GCC_NO_COMMON_BLOCKS = YES;
				GCC_OPTIMIZATION_LEVEL = 0;
				GCC_PREPROCESSOR_DEFINITIONS = (
					"DEBUG=1",
					"$(inherited)",
				);
				GCC_WARN_64_TO_32_BIT_CONVERSION = YES;
				GCC_WARN_ABOUT_RETURN_TYPE = YES_ERROR;
				GCC_WARN_UNDECLARED_SELECTOR = YES;
				GCC_WARN_UNINITIALIZED_AUTOS = YES_AGGRESSIVE;
				GCC_WARN_UNUSED_FUNCTION = YES;
				GCC_WARN_UNUSED_VARIABLE = YES;
				IPHONEOS_DEPLOYMENT_TARGET = 9.3;
				MTL_ENABLE_DEBUG_INFO = YES;
				ONLY_ACTIVE_ARCH = YES;
				SDKROOT = iphoneos;
			};
			name = Debug;
		};
		A08E2F5D1DB47575002AC0C0 /* Release */ = {
			isa = XCBuildConfiguration;
			buildSettings = {
				ALWAYS_SEARCH_USER_PATHS = NO;
				CLANG_ANALYZER_NONNULL = YES;
				CLANG_CXX_LANGUAGE_STANDARD = "gnu++0x";
				CLANG_CXX_LIBRARY = "libc++";
				CLANG_ENABLE_MODULES = YES;
				CLANG_ENABLE_OBJC_ARC = YES;
				CLANG_WARN_BOOL_CONVERSION = YES;
				CLANG_WARN_CONSTANT_CONVERSION = YES;
				CLANG_WARN_DIRECT_OBJC_ISA_USAGE = YES_ERROR;
				CLANG_WARN_EMPTY_BODY = YES;
				CLANG_WARN_ENUM_CONVERSION = YES;
				CLANG_WARN_INT_CONVERSION = YES;
				CLANG_WARN_OBJC_ROOT_CLASS = YES_ERROR;
				CLANG_WARN_UNREACHABLE_CODE = YES;
				CLANG_WARN__DUPLICATE_METHOD_MATCH = YES;
				"CODE_SIGN_IDENTITY[sdk=iphoneos*]" = "iPhone Developer";
				COPY_PHASE_STRIP = NO;
				DEBUG_INFORMATION_FORMAT = "dwarf-with-dsym";
				ENABLE_NS_ASSERTIONS = NO;
				ENABLE_STRICT_OBJC_MSGSEND = YES;
				GCC_C_LANGUAGE_STANDARD = gnu99;
				GCC_NO_COMMON_BLOCKS = YES;
				GCC_WARN_64_TO_32_BIT_CONVERSION = YES;
				GCC_WARN_ABOUT_RETURN_TYPE = YES_ERROR;
				GCC_WARN_UNDECLARED_SELECTOR = YES;
				GCC_WARN_UNINITIALIZED_AUTOS = YES_AGGRESSIVE;
				GCC_WARN_UNUSED_FUNCTION = YES;
				GCC_WARN_UNUSED_VARIABLE = YES;
				IPHONEOS_DEPLOYMENT_TARGET = 9.3;
				MTL_ENABLE_DEBUG_INFO = NO;
				SDKROOT = iphoneos;
				VALIDATE_PRODUCT = YES;
			};
			name = Release;
		};
		A08E2F5F1DB47575002AC0C0 /* Debug */ = {
			isa = XCBuildConfiguration;
			buildSettings = {
				ASSETCATALOG_COMPILER_APPICON_NAME = AppIcon;
				INFOPLIST_FILE = MutipleCells/Info.plist;
				LD_RUNPATH_SEARCH_PATHS = "$(inherited) @executable_path/Frameworks";
				PRODUCT_BUNDLE_IDENTIFIER = com.raoto.MutipleCells;
				PRODUCT_NAME = "$(TARGET_NAME)";
			};
			name = Debug;
		};
		A08E2F601DB47575002AC0C0 /* Release */ = {
			isa = XCBuildConfiguration;
			buildSettings = {
				ASSETCATALOG_COMPILER_APPICON_NAME = AppIcon;
				INFOPLIST_FILE = MutipleCells/Info.plist;
				LD_RUNPATH_SEARCH_PATHS = "$(inherited) @executable_path/Frameworks";
				PRODUCT_BUNDLE_IDENTIFIER = com.raoto.MutipleCells;
				PRODUCT_NAME = "$(TARGET_NAME)";
			};
			name = Release;
		};
/* End XCBuildConfiguration section */

/* Begin XCConfigurationList section */
		A08E2F421DB47574002AC0C0 /* Build configuration list for PBXProject "MutipleCells" */ = {
			isa = XCConfigurationList;
			buildConfigurations = (
				A08E2F5C1DB47575002AC0C0 /* Debug */,
				A08E2F5D1DB47575002AC0C0 /* Release */,
			);
			defaultConfigurationIsVisible = 0;
			defaultConfigurationName = Release;
		};
		A08E2F5E1DB47575002AC0C0 /* Build configuration list for PBXNativeTarget "MutipleCells" */ = {
			isa = XCConfigurationList;
			buildConfigurations = (
				A08E2F5F1DB47575002AC0C0 /* Debug */,
				A08E2F601DB47575002AC0C0 /* Release */,
			);
			defaultConfigurationIsVisible = 0;
			defaultConfigurationName = Release;
		};
/* End XCConfigurationList section */
	};
	rootObject = A08E2F3F1DB47574002AC0C0 /* Project object */;
}
